
Microsoft Visual Studio Solution File, Format Version 12.00
# Visual Studio Version 16
VisualStudioVersion = 16.0.31911.196
MinimumVisualStudioVersion = 10.0.40219.1
Project("{FAE04EC0-301F-11D3-BF4B-00C04F79EFBC}") = "BiancasBikeShop", "BiancasBikeShop\BiancasBikeShop.csproj", "{4FB8BEC6-DE3A-413A-BDC8-5443EF0D74D9}"
EndProject
Global
	GlobalSection(SolutionConfigurationPlatforms) = preSolution
		Debug|Any CPU = Debug|Any CPU
		Release|Any CPU = Release|Any CPU
	EndGlobalSection
	GlobalSection(ProjectConfigurationPlatforms) = postSolution
		{4FB8BEC6-DE3A-413A-BDC8-5443EF0D74D9}.Debug|Any CPU.ActiveCfg = Debug|Any CPU
		{4FB8BEC6-DE3A-413A-BDC8-5443EF0D74D9}.Debug|Any CPU.Build.0 = Debug|Any CPU
		{4FB8BEC6-DE3A-413A-BDC8-5443EF0D74D9}.Release|Any CPU.ActiveCfg = Release|Any CPU
		{4FB8BEC6-DE3A-413A-BDC8-5443EF0D74D9}.Release|Any CPU.Build.0 = Release|Any CPU
	EndGlobalSection
	GlobalSection(SolutionProperties) = preSolution
		HideSolutionNode = FALSE
	EndGlobalSection
	GlobalSection(ExtensibilityGlobals) = postSolution
		SolutionGuid = {748D12F2-8D25-48F4-BBAC-56ACA0092D9D}
	EndGlobalSection
EndGlobal
